
Microsoft Visual Studio Solution File, Format Version 12.00
# Visual Studio Version 16
VisualStudioVersion = 16.0.30523.141
MinimumVisualStudioVersion = 10.0.40219.1
Project("{9A19103F-16F7-4668-BE54-9A1E7A4F7556}") = "Bookstore.Web", "Bookstore.Web\Bookstore.Web.csproj", "{494E7C9E-3ADF-4383-AB42-AF40EF265A76}"
EndProject
Global
	GlobalSection(SolutionConfigurationPlatforms) = preSolution
		Debug|Any CPU = Debug|Any CPU
		Release|Any CPU = Release|Any CPU
	EndGlobalSection
	GlobalSection(ProjectConfigurationPlatforms) = postSolution
		{494E7C9E-3ADF-4383-AB42-AF40EF265A76}.Debug|Any CPU.ActiveCfg = Debug|Any CPU
		{494E7C9E-3ADF-4383-AB42-AF40EF265A76}.Debug|Any CPU.Build.0 = Debug|Any CPU
		{494E7C9E-3ADF-4383-AB42-AF40EF265A76}.Release|Any CPU.ActiveCfg = Release|Any CPU
		{494E7C9E-3ADF-4383-AB42-AF40EF265A76}.Release|Any CPU.Build.0 = Release|Any CPU
	EndGlobalSection
	GlobalSection(SolutionProperties) = preSolution
		HideSolutionNode = FALSE
	EndGlobalSection
	GlobalSection(ExtensibilityGlobals) = postSolution
		SolutionGuid = {A3247960-2CD5-4EA9-AB58-FBEF57CE7FF2}
	EndGlobalSection
EndGlobal
